
Microsoft Visual Studio Solution File, Format Version 12.00
# Visual Studio Version 17
VisualStudioVersion = 17.8.34330.188
MinimumVisualStudioVersion = 10.0.40219.1
Project("{FAE04EC0-301F-11D3-BF4B-00C04F79EFBC}") = "RandomFactory", "RandomFactory.csproj", "{F63C3A54-D2CB-47DD-869D-0D0EC7EC8D5D}"
EndProject
Global
	GlobalSection(SolutionConfigurationPlatforms) = preSolution
		Debug|Any CPU = Debug|Any CPU
		Release|Any CPU = Release|Any CPU
	EndGlobalSection
	GlobalSection(ProjectConfigurationPlatforms) = postSolution
		{F63C3A54-D2CB-47DD-869D-0D0EC7EC8D5D}.Debug|Any CPU.ActiveCfg = Debug|Any CPU
		{F63C3A54-D2CB-47DD-869D-0D0EC7EC8D5D}.Debug|Any CPU.Build.0 = Debug|Any CPU
		{F63C3A54-D2CB-47DD-869D-0D0EC7EC8D5D}.Release|Any CPU.ActiveCfg = Release|Any CPU
		{F63C3A54-D2CB-47DD-869D-0D0EC7EC8D5D}.Release|Any CPU.Build.0 = Release|Any CPU
	EndGlobalSection
	GlobalSection(SolutionProperties) = preSolution
		HideSolutionNode = FALSE
	EndGlobalSection
	GlobalSection(ExtensibilityGlobals) = postSolution
		SolutionGuid = {D6561366-D93A-46DB-AFB7-2A6F72BDC3E2}
	EndGlobalSection
EndGlobal
